
Microsoft Visual Studio Solution File, Format Version 12.00
# Visual Studio Version 16
VisualStudioVersion = 16.0.29519.181
MinimumVisualStudioVersion = 10.0.40219.1
Project("{FAE04EC0-301F-11D3-BF4B-00C04F79EFBC}") = "LibraryManagementSystem", "LibraryManagementSystem.csproj", "{A42989C2-8CB9-45B2-9AB3-CA6EE7E0136E}"
EndProject
Global
	GlobalSection(SolutionConfigurationPlatforms) = preSolution
		Debug|Any CPU = Debug|Any CPU
		Release|Any CPU = Release|Any CPU
	EndGlobalSection
	GlobalSection(ProjectConfigurationPlatforms) = postSolution
		{A42989C2-8CB9-45B2-9AB3-CA6EE7E0136E}.Debug|Any CPU.ActiveCfg = Debug|Any CPU
		{A42989C2-8CB9-45B2-9AB3-CA6EE7E0136E}.Debug|Any CPU.Build.0 = Debug|Any CPU
		{A42989C2-8CB9-45B2-9AB3-CA6EE7E0136E}.Release|Any CPU.ActiveCfg = Release|Any CPU
		{A42989C2-8CB9-45B2-9AB3-CA6EE7E0136E}.Release|Any CPU.Build.0 = Release|Any CPU
	EndGlobalSection
	GlobalSection(SolutionProperties) = preSolution
		HideSolutionNode = FALSE
	EndGlobalSection
	GlobalSection(ExtensibilityGlobals) = postSolution
		SolutionGuid = {10DADD08-5EE2-4AC9-A7CB-9F99931B8828}
	EndGlobalSection
EndGlobal
